{
  "version": 4,
  "terraform_version": "0.12.0",
  "serial": 21,
  "lineage": "bead2ed4-aca3-5177-6308-91226cec3d5a",
  "outputs": {
    "alb_arn": {
      "value": "arn:aws:elasticloadbalancing:us-east-1:557668857118:loadbalancer/app/ALB/bb4f4f901cb7cc7e",
      "type": "string"
    },
    "alb_dns_name": {
      "value": "internal-ALB-125044043.us-east-1.elb.amazonaws.com",
      "type": "string"
    },
    "alb_id": {
      "value": "arn:aws:elasticloadbalancing:us-east-1:557668857118:loadbalancer/app/ALB/bb4f4f901cb7cc7e",
      "type": "string"
    },
    "security_group_id": {
      "value": "sg-069dba03d09c1b878",
      "type": "string"
    },
    "tg_arn": {
      "value": "arn:aws:elasticloadbalancing:us-east-1:557668857118:targetgroup/targetgroup/22d34ef5016a8707",
      "type": "string"
    }
  },
  "resources": [
    {
      "module": "module.alb",
      "mode": "managed",
      "type": "aws_alb",
      "name": "alb",
      "provider": "provider.aws",
      "instances": [
        {
          "schema_version": 0,
          "attributes": {
            "access_logs": [
              {
                "bucket": "",
                "enabled": false,
                "prefix": ""
              }
            ],
            "arn": "arn:aws:elasticloadbalancing:us-east-1:557668857118:loadbalancer/app/ALB/bb4f4f901cb7cc7e",
            "arn_suffix": "app/ALB/bb4f4f901cb7cc7e",
            "dns_name": "internal-ALB-125044043.us-east-1.elb.amazonaws.com",
            "enable_cross_zone_load_balancing": null,
            "enable_deletion_protection": false,
            "enable_http2": true,
            "id": "arn:aws:elasticloadbalancing:us-east-1:557668857118:loadbalancer/app/ALB/bb4f4f901cb7cc7e",
            "idle_timeout": 300,
            "internal": true,
            "ip_address_type": "ipv4",
            "load_balancer_type": "application",
            "name": "ALB",
            "name_prefix": null,
            "security_groups": [
              "sg-0c8db5f2e0c8baf73"
            ],
            "subnet_mapping": [
              {
                "allocation_id": "",
                "subnet_id": "subnet-052454610f0834ff4"
              },
              {
                "allocation_id": "",
                "subnet_id": "subnet-0aa540f974f6cdd3b"
              }
            ],
            "subnets": [
              "subnet-052454610f0834ff4",
              "subnet-0aa540f974f6cdd3b"
            ],
            "tags": null,
            "timeouts": null,
            "vpc_id": "vpc-04114ed591b750e9a",
            "zone_id": "Z35SXDOTRQ7X7K"
          },
          "depends_on": [
            "aws_security_group.create-sg"
          ]
        }
      ]
    },
    {
      "module": "module.alb",
      "mode": "managed",
      "type": "aws_lb_target_group",
      "name": "target_group",
      "provider": "provider.aws",
      "instances": [
        {
          "schema_version": 0,
          "attributes": {
            "arn": "arn:aws:elasticloadbalancing:us-east-1:557668857118:targetgroup/targetgroup/22d34ef5016a8707",
            "arn_suffix": "targetgroup/targetgroup/22d34ef5016a8707",
            "deregistration_delay": 300,
            "health_check": [
              {
                "enabled": true,
                "healthy_threshold": 2,
                "interval": 30,
                "matcher": "200",
                "path": "/",
                "port": "traffic-port",
                "protocol": "HTTP",
                "timeout": 5,
                "unhealthy_threshold": 2
              }
            ],
            "id": "arn:aws:elasticloadbalancing:us-east-1:557668857118:targetgroup/targetgroup/22d34ef5016a8707",
            "lambda_multi_value_headers_enabled": false,
            "name": "targetgroup",
            "name_prefix": null,
            "port": 80,
            "protocol": "HTTP",
            "proxy_protocol_v2": false,
            "slow_start": 0,
            "stickiness": [
              {
                "cookie_duration": 86400,
                "enabled": true,
                "type": "lb_cookie"
              }
            ],
            "tags": null,
            "target_type": "instance",
            "vpc_id": "vpc-04114ed591b750e9a"
          }
        }
      ]
    },
    {
      "module": "module.alb",
      "mode": "managed",
      "type": "aws_lb_target_group_attachment",
      "name": "tg-attach",
      "provider": "provider.aws",
      "instances": []
    },
    {
      "module": "module.alb",
      "mode": "managed",
      "type": "aws_security_group",
      "name": "create-sg",
      "provider": "provider.aws",
      "instances": [
        {
          "schema_version": 1,
          "attributes": {
            "arn": "arn:aws:ec2:us-east-1:557668857118:security-group/sg-0c8db5f2e0c8baf73",
            "description": "Managed by Terraform",
            "egress": [
              {
                "cidr_blocks": [
                  "0.0.0.0/0"
                ],
                "description": "",
                "from_port": 0,
                "ipv6_cidr_blocks": [],
                "prefix_list_ids": [],
                "protocol": "-1",
                "security_groups": [],
                "self": false,
                "to_port": 0
              }
            ],
            "id": "sg-0c8db5f2e0c8baf73",
            "ingress": [
              {
                "cidr_blocks": [
                  "0.0.0.0/0"
                ],
                "description": "",
                "from_port": 443,
                "ipv6_cidr_blocks": [],
                "prefix_list_ids": [],
                "protocol": "tcp",
                "security_groups": [],
                "self": false,
                "to_port": 443
              },
              {
                "cidr_blocks": [
                  "0.0.0.0/0"
                ],
                "description": "",
                "from_port": 80,
                "ipv6_cidr_blocks": [],
                "prefix_list_ids": [],
                "protocol": "tcp",
                "security_groups": [],
                "self": false,
                "to_port": 80
              }
            ],
            "name": "load-balancer",
            "name_prefix": null,
            "owner_id": "557668857118",
            "revoke_rules_on_delete": false,
            "tags": {
              "Name": "alb-sg"
            },
            "timeouts": null,
            "vpc_id": "vpc-04114ed591b750e9a"
          }
        }
      ]
    },
    {
      "module": "module.ec2",
      "mode": "managed",
      "type": "aws_security_group",
      "name": "security_group",
      "provider": "provider.aws",
      "instances": [
        {
          "schema_version": 1,
          "attributes": {
            "arn": "arn:aws:ec2:us-east-1:557668857118:security-group/sg-069dba03d09c1b878",
            "description": "Managed by Terraform",
            "egress": [
              {
                "cidr_blocks": [
                  "0.0.0.0/0"
                ],
                "description": "",
                "from_port": 0,
                "ipv6_cidr_blocks": [],
                "prefix_list_ids": [],
                "protocol": "-1",
                "security_groups": [],
                "self": false,
                "to_port": 0
              }
            ],
            "id": "sg-069dba03d09c1b878",
            "ingress": [
              {
                "cidr_blocks": [
                  "0.0.0.0/0"
                ],
                "description": "",
                "from_port": 22,
                "ipv6_cidr_blocks": [],
                "prefix_list_ids": [],
                "protocol": "tcp",
                "security_groups": [],
                "self": false,
                "to_port": 22
              },
              {
                "cidr_blocks": [
                  "0.0.0.0/0"
                ],
                "description": "",
                "from_port": 8080,
                "ipv6_cidr_blocks": [],
                "prefix_list_ids": [],
                "protocol": "tcp",
                "security_groups": [],
                "self": false,
                "to_port": 8080
              }
            ],
            "name": "terraform-20190529052849423000000001",
            "name_prefix": null,
            "owner_id": "557668857118",
            "revoke_rules_on_delete": false,
            "tags": {
              "Name": "terraform"
            },
            "timeouts": null,
            "vpc_id": "vpc-0f465369"
          }
        }
      ]
    }
  ]
}
