{
    "version": 3,
    "terraform_version": "0.11.13",
    "serial": 4,
    "lineage": "73a889d5-80f6-5bc3-5275-49a6b004aefb",
    "modules": [
        {
            "path": [
                "root"
            ],
            "outputs": {
                "alb_arn": {
                    "sensitive": false,
                    "type": "string",
                    "value": "arn:aws:elasticloadbalancing:us-east-1:557668857118:loadbalancer/app/ALB/1cbd864536f877cd"
                },
                "alb_dns_name": {
                    "sensitive": false,
                    "type": "string",
                    "value": "internal-ALB-1000794679.us-east-1.elb.amazonaws.com"
                },
                "alb_id": {
                    "sensitive": false,
                    "type": "string",
                    "value": "arn:aws:elasticloadbalancing:us-east-1:557668857118:loadbalancer/app/ALB/1cbd864536f877cd"
                },
                "tg_arn": {
                    "sensitive": false,
                    "type": "string",
                    "value": "arn:aws:elasticloadbalancing:us-east-1:557668857118:targetgroup/targetgroup/eb7c1041146d7deb"
                }
            },
            "resources": {
                "aws_alb.alb": {
                    "type": "aws_alb",
                    "depends_on": [],
                    "primary": {
                        "id": "arn:aws:elasticloadbalancing:us-east-1:557668857118:loadbalancer/app/ALB/1cbd864536f877cd",
                        "attributes": {
                            "access_logs.#": "1",
                            "access_logs.0.bucket": "",
                            "access_logs.0.enabled": "false",
                            "access_logs.0.prefix": "",
                            "arn": "arn:aws:elasticloadbalancing:us-east-1:557668857118:loadbalancer/app/ALB/1cbd864536f877cd",
                            "arn_suffix": "app/ALB/1cbd864536f877cd",
                            "dns_name": "internal-ALB-1000794679.us-east-1.elb.amazonaws.com",
                            "enable_deletion_protection": "false",
                            "enable_http2": "true",
                            "id": "arn:aws:elasticloadbalancing:us-east-1:557668857118:loadbalancer/app/ALB/1cbd864536f877cd",
                            "idle_timeout": "5",
                            "internal": "true",
                            "ip_address_type": "ipv4",
                            "load_balancer_type": "application",
                            "name": "ALB",
                            "security_groups.#": "1",
                            "security_groups.3960313107": "sg-010dd2d97351d3c71",
                            "subnet_mapping.#": "2",
                            "subnet_mapping.1437231673.allocation_id": "",
                            "subnet_mapping.1437231673.subnet_id": "subnet-0aa540f974f6cdd3b",
                            "subnet_mapping.2329791491.allocation_id": "",
                            "subnet_mapping.2329791491.subnet_id": "subnet-052454610f0834ff4",
                            "subnets.#": "2",
                            "subnets.2686871228": "subnet-0aa540f974f6cdd3b",
                            "subnets.3077545744": "subnet-052454610f0834ff4",
                            "tags.%": "0",
                            "vpc_id": "vpc-04114ed591b750e9a",
                            "zone_id": "Z35SXDOTRQ7X7K"
                        },
                        "meta": {
                            "e2bfb730-ecaa-11e6-8f88-34363bc7c4c0": {
                                "create": 600000000000,
                                "delete": 600000000000,
                                "update": 600000000000
                            }
                        },
                        "tainted": false
                    },
                    "deposed": [],
                    "provider": "provider.aws"
                },
                "aws_lb_target_group.target_group": {
                    "type": "aws_lb_target_group",
                    "depends_on": [],
                    "primary": {
                        "id": "arn:aws:elasticloadbalancing:us-east-1:557668857118:targetgroup/targetgroup/eb7c1041146d7deb",
                        "attributes": {
                            "arn": "arn:aws:elasticloadbalancing:us-east-1:557668857118:targetgroup/targetgroup/eb7c1041146d7deb",
                            "arn_suffix": "targetgroup/targetgroup/eb7c1041146d7deb",
                            "deregistration_delay": "300",
                            "health_check.#": "1",
                            "health_check.0.enabled": "true",
                            "health_check.0.healthy_threshold": "2",
                            "health_check.0.interval": "30",
                            "health_check.0.matcher": "200",
                            "health_check.0.path": "/",
                            "health_check.0.port": "traffic-port",
                            "health_check.0.protocol": "HTTP",
                            "health_check.0.timeout": "5",
                            "health_check.0.unhealthy_threshold": "2",
                            "id": "arn:aws:elasticloadbalancing:us-east-1:557668857118:targetgroup/targetgroup/eb7c1041146d7deb",
                            "lambda_multi_value_headers_enabled": "false",
                            "name": "targetgroup",
                            "port": "80",
                            "protocol": "HTTP",
                            "proxy_protocol_v2": "false",
                            "slow_start": "0",
                            "stickiness.#": "1",
                            "stickiness.0.cookie_duration": "86400",
                            "stickiness.0.enabled": "true",
                            "stickiness.0.type": "lb_cookie",
                            "tags.%": "0",
                            "target_type": "instance",
                            "vpc_id": "vpc-04114ed591b750e9a"
                        },
                        "meta": {},
                        "tainted": false
                    },
                    "deposed": [],
                    "provider": "provider.aws"
                }
            },
            "depends_on": []
        }
    ]
}
